PODS:
  - Bugtags (3.0.1):
    - Bugtags/Core (= 3.0.1)
  - Bugtags/Core (3.0.1)
  - Crashlytics (3.10.1):
    - Fabric (~> 1.7.5)
  - Fabric (1.7.6)
  - SnapKit (4.0.0)
  - TOCropViewController (2.3.6)

DEPENDENCIES:
  - Bugtags
  - Crashlytics
  - Fabric
  - SnapKit
  - TOCropViewController

SPEC CHECKSUMS:
  Bugtags: 3115fa971bc3901828bb204c62cd1523173dbc97
  Crashlytics: aee1a064cbbf99b32efa3f056a5f458d846bc8ff
  Fabric: f8d42c893bb187326a7968b62abe55c36a987a46
  SnapKit: a42d492c16e80209130a3379f73596c3454b7694
  TOCropViewController: 6d972f2c609372312648f96758e13a7f689efbc0

PODFILE CHECKSUM: c6ad71770e234248b6c1dba745b706c111fa53ca

COCOAPODS: 1.4.0.beta.2
